
Microsoft Visual Studio Solution File, Format Version 12.00
# Visual Studio 15
VisualStudioVersion = 15.0.28010.2041
MinimumVisualStudioVersion = 10.0.40219.1
Project("{8BC9CEB8-8B4A-11D0-8D11-00A0C91BC942}") = "ToyRayTracing", "ToyRayTracing\ToyRayTracing.vcxproj", "{AEAC42B9-192D-4019-BDF1-A7F4ED86AC04}"
EndProject
Global
	GlobalSection(SolutionConfigurationPlatforms) = preSolution
		Debug|x64 = Debug|x64
		Debug|x86 = Debug|x86
		Release|x64 = Release|x64
		Release|x86 = Release|x86
	EndGlobalSection
	GlobalSection(ProjectConfigurationPlatforms) = postSolution
		{AEAC42B9-192D-4019-BDF1-A7F4ED86AC04}.Debug|x64.ActiveCfg = Debug|x64
		{AEAC42B9-192D-4019-BDF1-A7F4ED86AC04}.Debug|x64.Build.0 = Debug|x64
		{AEAC42B9-192D-4019-BDF1-A7F4ED86AC04}.Debug|x86.ActiveCfg = Debug|Win32
		{AEAC42B9-192D-4019-BDF1-A7F4ED86AC04}.Debug|x86.Build.0 = Debug|Win32
		{AEAC42B9-192D-4019-BDF1-A7F4ED86AC04}.Release|x64.ActiveCfg = Release|x64
		{AEAC42B9-192D-4019-BDF1-A7F4ED86AC04}.Release|x64.Build.0 = Release|x64
		{AEAC42B9-192D-4019-BDF1-A7F4ED86AC04}.Release|x86.ActiveCfg = Release|Win32
		{AEAC42B9-192D-4019-BDF1-A7F4ED86AC04}.Release|x86.Build.0 = Release|Win32
	EndGlobalSection
	GlobalSection(SolutionProperties) = preSolution
		HideSolutionNode = FALSE
	EndGlobalSection
	GlobalSection(ExtensibilityGlobals) = postSolution
		SolutionGuid = {6E0FEE3B-89D5-47E4-83CE-38338D656A9C}
	EndGlobalSection
EndGlobal
